
Microsoft Visual Studio Solution File, Format Version 12.00
# Visual Studio Version 16
VisualStudioVersion = 16.0.29519.87
MinimumVisualStudioVersion = 10.0.40219.1
Project("{FAE04EC0-301F-11D3-BF4B-00C04F79EFBC}") = "Turismul_de_pretutindeni", "Turismul_de_pretutindeni\Turismul_de_pretutindeni.csproj", "{0FEA8578-D553-4A35-96AE-733D0039FF21}"
EndProject
Global
	GlobalSection(SolutionConfigurationPlatforms) = preSolution
		Debug|Any CPU = Debug|Any CPU
		Release|Any CPU = Release|Any CPU
	EndGlobalSection
	GlobalSection(ProjectConfigurationPlatforms) = postSolution
		{0FEA8578-D553-4A35-96AE-733D0039FF21}.Debug|Any CPU.ActiveCfg = Debug|Any CPU
		{0FEA8578-D553-4A35-96AE-733D0039FF21}.Debug|Any CPU.Build.0 = Debug|Any CPU
		{0FEA8578-D553-4A35-96AE-733D0039FF21}.Release|Any CPU.ActiveCfg = Release|Any CPU
		{0FEA8578-D553-4A35-96AE-733D0039FF21}.Release|Any CPU.Build.0 = Release|Any CPU
	EndGlobalSection
	GlobalSection(SolutionProperties) = preSolution
		HideSolutionNode = FALSE
	EndGlobalSection
	GlobalSection(ExtensibilityGlobals) = postSolution
		SolutionGuid = {9DEC2EA2-E351-45BB-91B5-3CCE976CE694}
	EndGlobalSection
EndGlobal
